
Microsoft Visual Studio Solution File, Format Version 12.00
# Visual Studio Version 16
VisualStudioVersion = 16.0.30225.117
MinimumVisualStudioVersion = 10.0.40219.1
Project("{FAE04EC0-301F-11D3-BF4B-00C04F79EFBC}") = "WinFindLexeme", "WinFindLexeme\WinFindLexeme.csproj", "{0FBD34FC-0988-4B29-838E-92FAE045B515}"
EndProject
Project("{FAE04EC0-301F-11D3-BF4B-00C04F79EFBC}") = "BusinessLogic", "BusinessLogic\BusinessLogic.csproj", "{FA87C26E-1322-4504-BA7B-83D4B6B6380A}"
EndProject
Project("{FAE04EC0-301F-11D3-BF4B-00C04F79EFBC}") = "DataLayer", "DataLayer\DataLayer.csproj", "{87BD43B4-40F2-4460-AAF6-90F7A069D5C6}"
EndProject
Project("{FAE04EC0-301F-11D3-BF4B-00C04F79EFBC}") = "BusinessEntity", "BusinessEntity\BusinessEntity.csproj", "{014FAE1B-D3FC-45FA-AEB0-13E2F1A9DAD6}"
EndProject
Project("{FAE04EC0-301F-11D3-BF4B-00C04F79EFBC}") = "CommonLexeme", "CommonLexeme\CommonLexeme.csproj", "{F36F6AEA-681E-406B-80B7-BD89C0A68EA5}"
EndProject
Project("{FAE04EC0-301F-11D3-BF4B-00C04F79EFBC}") = "WinTestExpader", "WinTestExpader\WinTestExpader.csproj", "{8246C3FD-8498-45D6-8519-786C72B42D8F}"
EndProject
Global
	GlobalSection(SolutionConfigurationPlatforms) = preSolution
		Debug|Any CPU = Debug|Any CPU
		Release|Any CPU = Release|Any CPU
	EndGlobalSection
	GlobalSection(ProjectConfigurationPlatforms) = postSolution
		{0FBD34FC-0988-4B29-838E-92FAE045B515}.Debug|Any CPU.ActiveCfg = Debug|Any CPU
		{0FBD34FC-0988-4B29-838E-92FAE045B515}.Debug|Any CPU.Build.0 = Debug|Any CPU
		{0FBD34FC-0988-4B29-838E-92FAE045B515}.Release|Any CPU.ActiveCfg = Release|Any CPU
		{0FBD34FC-0988-4B29-838E-92FAE045B515}.Release|Any CPU.Build.0 = Release|Any CPU
		{FA87C26E-1322-4504-BA7B-83D4B6B6380A}.Debug|Any CPU.ActiveCfg = Debug|Any CPU
		{FA87C26E-1322-4504-BA7B-83D4B6B6380A}.Debug|Any CPU.Build.0 = Debug|Any CPU
		{FA87C26E-1322-4504-BA7B-83D4B6B6380A}.Release|Any CPU.ActiveCfg = Release|Any CPU
		{FA87C26E-1322-4504-BA7B-83D4B6B6380A}.Release|Any CPU.Build.0 = Release|Any CPU
		{87BD43B4-40F2-4460-AAF6-90F7A069D5C6}.Debug|Any CPU.ActiveCfg = Debug|Any CPU
		{87BD43B4-40F2-4460-AAF6-90F7A069D5C6}.Debug|Any CPU.Build.0 = Debug|Any CPU
		{87BD43B4-40F2-4460-AAF6-90F7A069D5C6}.Release|Any CPU.ActiveCfg = Release|Any CPU
		{87BD43B4-40F2-4460-AAF6-90F7A069D5C6}.Release|Any CPU.Build.0 = Release|Any CPU
		{014FAE1B-D3FC-45FA-AEB0-13E2F1A9DAD6}.Debug|Any CPU.ActiveCfg = Debug|Any CPU
		{014FAE1B-D3FC-45FA-AEB0-13E2F1A9DAD6}.Debug|Any CPU.Build.0 = Debug|Any CPU
		{014FAE1B-D3FC-45FA-AEB0-13E2F1A9DAD6}.Release|Any CPU.ActiveCfg = Release|Any CPU
		{014FAE1B-D3FC-45FA-AEB0-13E2F1A9DAD6}.Release|Any CPU.Build.0 = Release|Any CPU
		{F36F6AEA-681E-406B-80B7-BD89C0A68EA5}.Debug|Any CPU.ActiveCfg = Debug|Any CPU
		{F36F6AEA-681E-406B-80B7-BD89C0A68EA5}.Debug|Any CPU.Build.0 = Debug|Any CPU
		{F36F6AEA-681E-406B-80B7-BD89C0A68EA5}.Release|Any CPU.ActiveCfg = Release|Any CPU
		{F36F6AEA-681E-406B-80B7-BD89C0A68EA5}.Release|Any CPU.Build.0 = Release|Any CPU
		{8246C3FD-8498-45D6-8519-786C72B42D8F}.Debug|Any CPU.ActiveCfg = Debug|Any CPU
		{8246C3FD-8498-45D6-8519-786C72B42D8F}.Debug|Any CPU.Build.0 = Debug|Any CPU
		{8246C3FD-8498-45D6-8519-786C72B42D8F}.Release|Any CPU.ActiveCfg = Release|Any CPU
		{8246C3FD-8498-45D6-8519-786C72B42D8F}.Release|Any CPU.Build.0 = Release|Any CPU
	EndGlobalSection
	GlobalSection(SolutionProperties) = preSolution
		HideSolutionNode = FALSE
	EndGlobalSection
	GlobalSection(ExtensibilityGlobals) = postSolution
		SolutionGuid = {853EE84A-9038-4805-8CBE-4378AF91C91B}
	EndGlobalSection
EndGlobal
